
Microsoft Visual Studio Solution File, Format Version 12.00
# Visual Studio Version 16
VisualStudioVersion = 16.0.29709.97
MinimumVisualStudioVersion = 10.0.40219.1
Project("{FAE04EC0-301F-11D3-BF4B-00C04F79EFBC}") = "NaiveHttpServer", "NaiveHttpServer\NaiveHttpServer.csproj", "{B747E68D-2038-4454-AA08-1EF5B0248EE7}"
EndProject
Project("{FAE04EC0-301F-11D3-BF4B-00C04F79EFBC}") = "NaiveHttpServerTest", "NaiveHttpServerTest\NaiveHttpServerTest.csproj", "{4AB4A947-AD27-4EF5-9C1F-E17C663E9E59}"
EndProject
Global
	GlobalSection(SolutionConfigurationPlatforms) = preSolution
		Debug|Any CPU = Debug|Any CPU
		Release|Any CPU = Release|Any CPU
	EndGlobalSection
	GlobalSection(ProjectConfigurationPlatforms) = postSolution
		{B747E68D-2038-4454-AA08-1EF5B0248EE7}.Debug|Any CPU.ActiveCfg = Debug|Any CPU
		{B747E68D-2038-4454-AA08-1EF5B0248EE7}.Debug|Any CPU.Build.0 = Debug|Any CPU
		{B747E68D-2038-4454-AA08-1EF5B0248EE7}.Release|Any CPU.ActiveCfg = Release|Any CPU
		{B747E68D-2038-4454-AA08-1EF5B0248EE7}.Release|Any CPU.Build.0 = Release|Any CPU
		{4AB4A947-AD27-4EF5-9C1F-E17C663E9E59}.Debug|Any CPU.ActiveCfg = Debug|Any CPU
		{4AB4A947-AD27-4EF5-9C1F-E17C663E9E59}.Debug|Any CPU.Build.0 = Debug|Any CPU
		{4AB4A947-AD27-4EF5-9C1F-E17C663E9E59}.Release|Any CPU.ActiveCfg = Release|Any CPU
		{4AB4A947-AD27-4EF5-9C1F-E17C663E9E59}.Release|Any CPU.Build.0 = Release|Any CPU
	EndGlobalSection
	GlobalSection(SolutionProperties) = preSolution
		HideSolutionNode = FALSE
	EndGlobalSection
	GlobalSection(ExtensibilityGlobals) = postSolution
		SolutionGuid = {4EE97B1A-6CA0-408A-8B94-894AC0631AA7}
	EndGlobalSection
EndGlobal
