
Microsoft Visual Studio Solution File, Format Version 12.00
# Visual Studio 15
VisualStudioVersion = 15.0.28010.2046
MinimumVisualStudioVersion = 10.0.40219.1
Project("{FAE04EC0-301F-11D3-BF4B-00C04F79EFBC}") = "EventGenerator", "EventGenerator.csproj", "{9019CB67-28B2-4B2F-926B-A32EEED57B82}"
EndProject
Project("{FAE04EC0-301F-11D3-BF4B-00C04F79EFBC}") = "Updater", "Updater\Updater.csproj", "{8E887281-81AC-459E-B6FF-DF26111379C3}"
EndProject
Global
	GlobalSection(SolutionConfigurationPlatforms) = preSolution
		Debug|Any CPU = Debug|Any CPU
		Release|Any CPU = Release|Any CPU
	EndGlobalSection
	GlobalSection(ProjectConfigurationPlatforms) = postSolution
		{9019CB67-28B2-4B2F-926B-A32EEED57B82}.Debug|Any CPU.ActiveCfg = Debug|Any CPU
		{9019CB67-28B2-4B2F-926B-A32EEED57B82}.Debug|Any CPU.Build.0 = Debug|Any CPU
		{9019CB67-28B2-4B2F-926B-A32EEED57B82}.Release|Any CPU.ActiveCfg = Release|Any CPU
		{9019CB67-28B2-4B2F-926B-A32EEED57B82}.Release|Any CPU.Build.0 = Release|Any CPU
		{8E887281-81AC-459E-B6FF-DF26111379C3}.Debug|Any CPU.ActiveCfg = Debug|Any CPU
		{8E887281-81AC-459E-B6FF-DF26111379C3}.Debug|Any CPU.Build.0 = Debug|Any CPU
		{8E887281-81AC-459E-B6FF-DF26111379C3}.Release|Any CPU.ActiveCfg = Release|Any CPU
		{8E887281-81AC-459E-B6FF-DF26111379C3}.Release|Any CPU.Build.0 = Release|Any CPU
	EndGlobalSection
	GlobalSection(SolutionProperties) = preSolution
		HideSolutionNode = FALSE
	EndGlobalSection
	GlobalSection(ExtensibilityGlobals) = postSolution
		SolutionGuid = {815F1B7B-F0D4-4720-9AF6-D97B4C73CC6E}
	EndGlobalSection
EndGlobal
