
Microsoft Visual Studio Solution File, Format Version 12.00
# Visual Studio 15
VisualStudioVersion = 15.0.27004.2009
MinimumVisualStudioVersion = 10.0.40219.1
Project("{FAE04EC0-301F-11D3-BF4B-00C04F79EFBC}") = "SimpleCapture", "SimpleCapture\SimpleCapture.csproj", "{C47D399B-130B-497C-808A-70FCF2744F69}"
EndProject
Global
	GlobalSection(SolutionConfigurationPlatforms) = preSolution
		Debug|Any CPU = Debug|Any CPU
		Release|Any CPU = Release|Any CPU
	EndGlobalSection
	GlobalSection(ProjectConfigurationPlatforms) = postSolution
		{C47D399B-130B-497C-808A-70FCF2744F69}.Debug|Any CPU.ActiveCfg = Debug|Any CPU
		{C47D399B-130B-497C-808A-70FCF2744F69}.Debug|Any CPU.Build.0 = Debug|Any CPU
		{C47D399B-130B-497C-808A-70FCF2744F69}.Release|Any CPU.ActiveCfg = Release|Any CPU
		{C47D399B-130B-497C-808A-70FCF2744F69}.Release|Any CPU.Build.0 = Release|Any CPU
	EndGlobalSection
	GlobalSection(SolutionProperties) = preSolution
		HideSolutionNode = FALSE
	EndGlobalSection
	GlobalSection(ExtensibilityGlobals) = postSolution
		SolutionGuid = {6A1FBF93-3ACD-4FB7-BBA9-16903978B298}
	EndGlobalSection
EndGlobal
