{
  "name": "test-cjs",
  "version": "1.0.0",
  "lockfileVersion": 3,
  "requires": true,
  "packages": {
    "": {
      "name": "test-cjs",
      "version": "1.0.0",
      "dependencies": {
        "@hi.donggi/test-231114": "file:../hi.donggi-test-231114-2.0.0.tgz"
      }
    },
    "node_modules/@hi.donggi/test-231114": {
      "version": "2.0.0",
      "resolved": "file:../hi.donggi-test-231114-2.0.0.tgz",
      "integrity": "sha512-IdtYcteWq6ijbYXT9I2Y85vnbakMdnHRAguesix6uaDoT6YaLK82RCD54KB1mEy1gKTWALI4f5jZVeC5rBvBzQ==",
      "license": "MIT",
      "dependencies": {
        "lru-cache": "^11.2.4"
      }
    },
    "node_modules/lru-cache": {
      "version": "11.2.4",
      "resolved": "https://registry.npmjs.org/lru-cache/-/lru-cache-11.2.4.tgz",
      "integrity": "sha512-B5Y16Jr9LB9dHVkh6ZevG+vAbOsNOYCX+sXvFWFu7B3Iz5mijW3zdbMyhsh8ANd2mSWBYdJgnqi+mL7/LrOPYg==",
      "license": "BlueOak-1.0.0",
      "engines": {
        "node": "20 || >=22"
      }
    }
  }
}
