
Microsoft Visual Studio Solution File, Format Version 12.00
# Visual Studio 15
VisualStudioVersion = 15.0.28010.2046
MinimumVisualStudioVersion = 10.0.40219.1
Project("{FAE04EC0-301F-11D3-BF4B-00C04F79EFBC}") = "Basic", "Basic\Basic.csproj", "{41287489-257F-45D5-BFE4-B2710695205C}"
EndProject
Project("{FAE04EC0-301F-11D3-BF4B-00C04F79EFBC}") = "WpfApp1", "WpfApp1\WpfApp1.csproj", "{0D205FA8-C65F-49B5-9CF2-0C9BC05DC56A}"
EndProject
Project("{FAE04EC0-301F-11D3-BF4B-00C04F79EFBC}") = "WpfApp2", "WpfApp2\WpfApp2.csproj", "{9E51B00E-F7F1-4B6D-BA8C-04E42A38C079}"
EndProject
Project("{FAE04EC0-301F-11D3-BF4B-00C04F79EFBC}") = "WpfApp3", "WpfApp3\WpfApp3.csproj", "{C561BF8C-DCD1-4083-9B94-6F70CED98BDB}"
EndProject
Project("{FAE04EC0-301F-11D3-BF4B-00C04F79EFBC}") = "WpfApp4", "WpfApp4\WpfApp4.csproj", "{8B5695E7-90DF-4B68-AFF5-35AB3F3D7E68}"
EndProject
Project("{FAE04EC0-301F-11D3-BF4B-00C04F79EFBC}") = "WpfApp5", "WpfApp5\WpfApp5.csproj", "{91B70452-FAB7-417F-B4BD-80F2621A5969}"
EndProject
Project("{FAE04EC0-301F-11D3-BF4B-00C04F79EFBC}") = "Notifycation", "Notifycation\Notifycation.csproj", "{1872F15D-39C4-422B-9E99-0B86AFAB99CF}"
EndProject
Project("{FAE04EC0-301F-11D3-BF4B-00C04F79EFBC}") = "WpfApp6", "WpfApp6\WpfApp6.csproj", "{0FAA9401-D84A-4DE5-A9FD-0E4069E1D565}"
EndProject
Global
	GlobalSection(SolutionConfigurationPlatforms) = preSolution
		Debug|Any CPU = Debug|Any CPU
		Release|Any CPU = Release|Any CPU
	EndGlobalSection
	GlobalSection(ProjectConfigurationPlatforms) = postSolution
		{41287489-257F-45D5-BFE4-B2710695205C}.Debug|Any CPU.ActiveCfg = Debug|Any CPU
		{41287489-257F-45D5-BFE4-B2710695205C}.Debug|Any CPU.Build.0 = Debug|Any CPU
		{41287489-257F-45D5-BFE4-B2710695205C}.Release|Any CPU.ActiveCfg = Release|Any CPU
		{41287489-257F-45D5-BFE4-B2710695205C}.Release|Any CPU.Build.0 = Release|Any CPU
		{0D205FA8-C65F-49B5-9CF2-0C9BC05DC56A}.Debug|Any CPU.ActiveCfg = Debug|Any CPU
		{0D205FA8-C65F-49B5-9CF2-0C9BC05DC56A}.Debug|Any CPU.Build.0 = Debug|Any CPU
		{0D205FA8-C65F-49B5-9CF2-0C9BC05DC56A}.Release|Any CPU.ActiveCfg = Release|Any CPU
		{0D205FA8-C65F-49B5-9CF2-0C9BC05DC56A}.Release|Any CPU.Build.0 = Release|Any CPU
		{9E51B00E-F7F1-4B6D-BA8C-04E42A38C079}.Debug|Any CPU.ActiveCfg = Debug|Any CPU
		{9E51B00E-F7F1-4B6D-BA8C-04E42A38C079}.Debug|Any CPU.Build.0 = Debug|Any CPU
		{9E51B00E-F7F1-4B6D-BA8C-04E42A38C079}.Release|Any CPU.ActiveCfg = Release|Any CPU
		{9E51B00E-F7F1-4B6D-BA8C-04E42A38C079}.Release|Any CPU.Build.0 = Release|Any CPU
		{C561BF8C-DCD1-4083-9B94-6F70CED98BDB}.Debug|Any CPU.ActiveCfg = Debug|Any CPU
		{C561BF8C-DCD1-4083-9B94-6F70CED98BDB}.Debug|Any CPU.Build.0 = Debug|Any CPU
		{C561BF8C-DCD1-4083-9B94-6F70CED98BDB}.Release|Any CPU.ActiveCfg = Release|Any CPU
		{C561BF8C-DCD1-4083-9B94-6F70CED98BDB}.Release|Any CPU.Build.0 = Release|Any CPU
		{8B5695E7-90DF-4B68-AFF5-35AB3F3D7E68}.Debug|Any CPU.ActiveCfg = Debug|Any CPU
		{8B5695E7-90DF-4B68-AFF5-35AB3F3D7E68}.Debug|Any CPU.Build.0 = Debug|Any CPU
		{8B5695E7-90DF-4B68-AFF5-35AB3F3D7E68}.Release|Any CPU.ActiveCfg = Release|Any CPU
		{8B5695E7-90DF-4B68-AFF5-35AB3F3D7E68}.Release|Any CPU.Build.0 = Release|Any CPU
		{91B70452-FAB7-417F-B4BD-80F2621A5969}.Debug|Any CPU.ActiveCfg = Debug|Any CPU
		{91B70452-FAB7-417F-B4BD-80F2621A5969}.Debug|Any CPU.Build.0 = Debug|Any CPU
		{91B70452-FAB7-417F-B4BD-80F2621A5969}.Release|Any CPU.ActiveCfg = Release|Any CPU
		{91B70452-FAB7-417F-B4BD-80F2621A5969}.Release|Any CPU.Build.0 = Release|Any CPU
		{1872F15D-39C4-422B-9E99-0B86AFAB99CF}.Debug|Any CPU.ActiveCfg = Debug|Any CPU
		{1872F15D-39C4-422B-9E99-0B86AFAB99CF}.Debug|Any CPU.Build.0 = Debug|Any CPU
		{1872F15D-39C4-422B-9E99-0B86AFAB99CF}.Release|Any CPU.ActiveCfg = Release|Any CPU
		{1872F15D-39C4-422B-9E99-0B86AFAB99CF}.Release|Any CPU.Build.0 = Release|Any CPU
		{0FAA9401-D84A-4DE5-A9FD-0E4069E1D565}.Debug|Any CPU.ActiveCfg = Debug|Any CPU
		{0FAA9401-D84A-4DE5-A9FD-0E4069E1D565}.Debug|Any CPU.Build.0 = Debug|Any CPU
		{0FAA9401-D84A-4DE5-A9FD-0E4069E1D565}.Release|Any CPU.ActiveCfg = Release|Any CPU
		{0FAA9401-D84A-4DE5-A9FD-0E4069E1D565}.Release|Any CPU.Build.0 = Release|Any CPU
	EndGlobalSection
	GlobalSection(SolutionProperties) = preSolution
		HideSolutionNode = FALSE
	EndGlobalSection
	GlobalSection(ExtensibilityGlobals) = postSolution
		SolutionGuid = {6788D1FC-5D70-4C84-968A-6E1BF84101A7}
	EndGlobalSection
EndGlobal
