
Microsoft Visual Studio Solution File, Format Version 12.00
# Visual Studio Version 17
VisualStudioVersion = 17.1.32328.378
MinimumVisualStudioVersion = 10.0.40219.1
Project("{9A19103F-16F7-4668-BE54-9A1E7A4F7556}") = "ConsoleApp1", "ConsoleApp1\ConsoleApp1.csproj", "{181CAC32-6C7D-4770-825F-911D0542B712}"
EndProject
Project("{9A19103F-16F7-4668-BE54-9A1E7A4F7556}") = "ConsoleApp2", "ConsoleApp2\ConsoleApp2.csproj", "{A84C860E-559E-49CF-843A-15C74FADA989}"
EndProject
Project("{9A19103F-16F7-4668-BE54-9A1E7A4F7556}") = "ConsoleApp3", "ConsoleApp3\ConsoleApp3.csproj", "{69190704-34D2-40D2-B90C-1DE13F0DDE4B}"
EndProject
Project("{9A19103F-16F7-4668-BE54-9A1E7A4F7556}") = "ConsoleApp4", "ConsoleApp4\ConsoleApp4.csproj", "{FC15C291-5657-4D65-B08B-542C85315C3B}"
EndProject
Project("{9A19103F-16F7-4668-BE54-9A1E7A4F7556}") = "ConsoleApp5", "ConsoleApp5\ConsoleApp5.csproj", "{B6333D7D-C9EA-487F-8B32-2A092CD3484F}"
EndProject
Project("{FAE04EC0-301F-11D3-BF4B-00C04F79EFBC}") = "ConsoleApp6", "ConsoleApp6\ConsoleApp6.csproj", "{858B63C2-4803-451B-9BEB-236622637203}"
EndProject
Global
	GlobalSection(SolutionConfigurationPlatforms) = preSolution
		Debug|Any CPU = Debug|Any CPU
		Release|Any CPU = Release|Any CPU
	EndGlobalSection
	GlobalSection(ProjectConfigurationPlatforms) = postSolution
		{181CAC32-6C7D-4770-825F-911D0542B712}.Debug|Any CPU.ActiveCfg = Debug|Any CPU
		{181CAC32-6C7D-4770-825F-911D0542B712}.Debug|Any CPU.Build.0 = Debug|Any CPU
		{181CAC32-6C7D-4770-825F-911D0542B712}.Release|Any CPU.ActiveCfg = Release|Any CPU
		{181CAC32-6C7D-4770-825F-911D0542B712}.Release|Any CPU.Build.0 = Release|Any CPU
		{A84C860E-559E-49CF-843A-15C74FADA989}.Debug|Any CPU.ActiveCfg = Debug|Any CPU
		{A84C860E-559E-49CF-843A-15C74FADA989}.Debug|Any CPU.Build.0 = Debug|Any CPU
		{A84C860E-559E-49CF-843A-15C74FADA989}.Release|Any CPU.ActiveCfg = Release|Any CPU
		{A84C860E-559E-49CF-843A-15C74FADA989}.Release|Any CPU.Build.0 = Release|Any CPU
		{69190704-34D2-40D2-B90C-1DE13F0DDE4B}.Debug|Any CPU.ActiveCfg = Debug|Any CPU
		{69190704-34D2-40D2-B90C-1DE13F0DDE4B}.Debug|Any CPU.Build.0 = Debug|Any CPU
		{69190704-34D2-40D2-B90C-1DE13F0DDE4B}.Release|Any CPU.ActiveCfg = Release|Any CPU
		{69190704-34D2-40D2-B90C-1DE13F0DDE4B}.Release|Any CPU.Build.0 = Release|Any CPU
		{FC15C291-5657-4D65-B08B-542C85315C3B}.Debug|Any CPU.ActiveCfg = Debug|Any CPU
		{FC15C291-5657-4D65-B08B-542C85315C3B}.Debug|Any CPU.Build.0 = Debug|Any CPU
		{FC15C291-5657-4D65-B08B-542C85315C3B}.Release|Any CPU.ActiveCfg = Release|Any CPU
		{FC15C291-5657-4D65-B08B-542C85315C3B}.Release|Any CPU.Build.0 = Release|Any CPU
		{B6333D7D-C9EA-487F-8B32-2A092CD3484F}.Debug|Any CPU.ActiveCfg = Debug|Any CPU
		{B6333D7D-C9EA-487F-8B32-2A092CD3484F}.Debug|Any CPU.Build.0 = Debug|Any CPU
		{B6333D7D-C9EA-487F-8B32-2A092CD3484F}.Release|Any CPU.ActiveCfg = Release|Any CPU
		{B6333D7D-C9EA-487F-8B32-2A092CD3484F}.Release|Any CPU.Build.0 = Release|Any CPU
		{858B63C2-4803-451B-9BEB-236622637203}.Debug|Any CPU.ActiveCfg = Debug|Any CPU
		{858B63C2-4803-451B-9BEB-236622637203}.Debug|Any CPU.Build.0 = Debug|Any CPU
		{858B63C2-4803-451B-9BEB-236622637203}.Release|Any CPU.ActiveCfg = Release|Any CPU
		{858B63C2-4803-451B-9BEB-236622637203}.Release|Any CPU.Build.0 = Release|Any CPU
	EndGlobalSection
	GlobalSection(SolutionProperties) = preSolution
		HideSolutionNode = FALSE
	EndGlobalSection
	GlobalSection(ExtensibilityGlobals) = postSolution
		SolutionGuid = {0CCAE0DE-19BE-48BC-BA36-6069852C7280}
	EndGlobalSection
EndGlobal
